// !$*UTF8*$!
{
	archiveVersion = 1;
	classes = {
	};
	objectVersion = 46;
	objects = {

/* Begin PBXBuildFile section */
		737271B91F0428DC00C04847 /* main.m in Sources */ = {isa = PBXBuildFile; fileRef = 737271B81F0428DC00C04847 /* main.m */; };
		737271BC1F0428DC00C04847 /* AppDelegate.m in Sources */ = {isa = PBXBuildFile; fileRef = 737271BB1F0428DC00C04847 /* AppDelegate.m */; };
		737271BF1F0428DC00C04847 /* ViewController.m in Sources */ = {isa = PBXBuildFile; fileRef = 737271BE1F0428DC00C04847 /* ViewController.m */; };
		737271C21F0428DC00C04847 /* Main.storyboard in Resources */ = {isa = PBXBuildFile; fileRef = 737271C01F0428DC00C04847 /* Main.storyboard */; };
		737271C41F0428DC00C04847 /* Assets.xcassets in Resources */ = {isa = PBXBuildFile; fileRef = 737271C31F0428DC00C04847 /* Assets.xcassets */; };
		737271C71F0428DC00C04847 /* LaunchScreen.storyboard in Resources */ = {isa = PBXBuildFile; fileRef = 737271C51F0428DC00C04847 /* LaunchScreen.storyboard */; };
		737271D91F044ACC00C04847 /* NSURLSessionHelper.m in Sources */ = {isa = PBXBuildFile; fileRef = 737271D81F044ACC00C04847 /* NSURLSessionHelper.m */; };
		737CF81D1F044F550060567A /* EventsModel.swift in Sources */ = {isa = PBXBuildFile; fileRef = 737CF81C1F044F550060567A /* EventsModel.swift */; };
		737CF8211F05EF110060567A /* AnnotationButton.m in Sources */ = {isa = PBXBuildFile; fileRef = 737CF8201F05EF110060567A /* AnnotationButton.m */; };
		D722BC091F05D27300236424 /* CategoryTableViewCell.m in Sources */ = {isa = PBXBuildFile; fileRef = D722BC081F05D27300236424 /* CategoryTableViewCell.m */; };
		D75387561F043B4E00C78AF9 /* MapViewController.m in Sources */ = {isa = PBXBuildFile; fileRef = D75387551F043B4E00C78AF9 /* MapViewController.m */; };
		D75387591F043F2200C78AF9 /* FiltersViewController.m in Sources */ = {isa = PBXBuildFile; fileRef = D75387581F043F2200C78AF9 /* FiltersViewController.m */; };
/* End PBXBuildFile section */

/* Begin PBXFileReference section */
		737271B41F0428DC00C04847 /* EventBright.app */ = {isa = PBXFileReference; explicitFileType = wrapper.application; includeInIndex = 0; path = EventBright.app; sourceTree = BUILT_PRODUCTS_DIR; };
		737271B81F0428DC00C04847 /* main.m */ = {isa = PBXFileReference; lastKnownFileType = sourcecode.c.objc; path = main.m; sourceTree = "<group>"; };
		737271BA1F0428DC00C04847 /* AppDelegate.h */ = {isa = PBXFileReference; lastKnownFileType = sourcecode.c.h; path = AppDelegate.h; sourceTree = "<group>"; };
		737271BB1F0428DC00C04847 /* AppDelegate.m */ = {isa = PBXFileReference; lastKnownFileType = sourcecode.c.objc; path = AppDelegate.m; sourceTree = "<group>"; };
		737271BD1F0428DC00C04847 /* ViewController.h */ = {isa = PBXFileReference; lastKnownFileType = sourcecode.c.h; path = ViewController.h; sourceTree = "<group>"; };
		737271BE1F0428DC00C04847 /* ViewController.m */ = {isa = PBXFileReference; lastKnownFileType = sourcecode.c.objc; path = ViewController.m; sourceTree = "<group>"; };
		737271C11F0428DC00C04847 /* Base */ = {isa = PBXFileReference; lastKnownFileType = file.storyboard; name = Base; path = Base.lproj/Main.storyboard; sourceTree = "<group>"; };
		737271C31F0428DC00C04847 /* Assets.xcassets */ = {isa = PBXFileReference; lastKnownFileType = folder.assetcatalog; path = Assets.xcassets; sourceTree = "<group>"; };
		737271C61F0428DC00C04847 /* Base */ = {isa = PBXFileReference; lastKnownFileType = file.storyboard; name = Base; path = Base.lproj/LaunchScreen.storyboard; sourceTree = "<group>"; };
		737271C81F0428DC00C04847 /* Info.plist */ = {isa = PBXFileReference; lastKnownFileType = text.plist.xml; path = Info.plist; sourceTree = "<group>"; };
		737271D71F044ACC00C04847 /* NSURLSessionHelper.h */ = {isa = PBXFileReference; fileEncoding = 4; lastKnownFileType = sourcecode.c.h; path = NSURLSessionHelper.h; sourceTree = "<group>"; };
		737271D81F044ACC00C04847 /* NSURLSessionHelper.m */ = {isa = PBXFileReference; fileEncoding = 4; lastKnownFileType = sourcecode.c.objc; path = NSURLSessionHelper.m; sourceTree = "<group>"; };
		737CF81C1F044F550060567A /* EventsModel.swift */ = {isa = PBXFileReference; fileEncoding = 4; lastKnownFileType = sourcecode.swift; path = EventsModel.swift; sourceTree = "<group>"; };
		737CF81E1F0452860060567A /* EventBright-Bridging-Header.h */ = {isa = PBXFileReference; lastKnownFileType = sourcecode.c.h; path = "EventBright-Bridging-Header.h"; sourceTree = "<group>"; };
		737CF81F1F05EF110060567A /* AnnotationButton.h */ = {isa = PBXFileReference; fileEncoding = 4; lastKnownFileType = sourcecode.c.h; path = AnnotationButton.h; sourceTree = "<group>"; };
		737CF8201F05EF110060567A /* AnnotationButton.m */ = {isa = PBXFileReference; fileEncoding = 4; lastKnownFileType = sourcecode.c.objc; path = AnnotationButton.m; sourceTree = "<group>"; };
		D722BC071F05D27300236424 /* CategoryTableViewCell.h */ = {isa = PBXFileReference; fileEncoding = 4; lastKnownFileType = sourcecode.c.h; path = CategoryTableViewCell.h; sourceTree = "<group>"; };
		D722BC081F05D27300236424 /* CategoryTableViewCell.m */ = {isa = PBXFileReference; fileEncoding = 4; lastKnownFileType = sourcecode.c.objc; path = CategoryTableViewCell.m; sourceTree = "<group>"; };
		D75387541F043B4E00C78AF9 /* MapViewController.h */ = {isa = PBXFileReference; fileEncoding = 4; lastKnownFileType = sourcecode.c.h; path = MapViewController.h; sourceTree = "<group>"; };
		D75387551F043B4E00C78AF9 /* MapViewController.m */ = {isa = PBXFileReference; fileEncoding = 4; lastKnownFileType = sourcecode.c.objc; path = MapViewController.m; sourceTree = "<group>"; };
		D75387571F043F2200C78AF9 /* FiltersViewController.h */ = {isa = PBXFileReference; fileEncoding = 4; lastKnownFileType = sourcecode.c.h; path = FiltersViewController.h; sourceTree = "<group>"; };
		D75387581F043F2200C78AF9 /* FiltersViewController.m */ = {isa = PBXFileReference; fileEncoding = 4; lastKnownFileType = sourcecode.c.objc; path = FiltersViewController.m; sourceTree = "<group>"; };
/* End PBXFileReference section */

/* Begin PBXFrameworksBuildPhase section */
		737271B11F0428DC00C04847 /* Frameworks */ = {
			isa = PBXFrameworksBuildPhase;
			buildActionMask = 2147483647;
			files = (
			);
			runOnlyForDeploymentPostprocessing = 0;
		};
/* End PBXFrameworksBuildPhase section */

/* Begin PBXGroup section */
		737271AB1F0428DC00C04847 = {
			isa = PBXGroup;
			children = (
				737271B61F0428DC00C04847 /* EventBright */,
				737271B51F0428DC00C04847 /* Products */,
			);
			sourceTree = "<group>";
		};
		737271B51F0428DC00C04847 /* Products */ = {
			isa = PBXGroup;
			children = (
				737271B41F0428DC00C04847 /* EventBright.app */,
			);
			name = Products;
			sourceTree = "<group>";
		};
		737271B61F0428DC00C04847 /* EventBright */ = {
			isa = PBXGroup;
			children = (
				737271BA1F0428DC00C04847 /* AppDelegate.h */,
				737271BB1F0428DC00C04847 /* AppDelegate.m */,
				737271BD1F0428DC00C04847 /* ViewController.h */,
				737271BE1F0428DC00C04847 /* ViewController.m */,
				737271D71F044ACC00C04847 /* NSURLSessionHelper.h */,
				737271D81F044ACC00C04847 /* NSURLSessionHelper.m */,
				D75387541F043B4E00C78AF9 /* MapViewController.h */,
				D75387551F043B4E00C78AF9 /* MapViewController.m */,
				737CF81F1F05EF110060567A /* AnnotationButton.h */,
				737CF8201F05EF110060567A /* AnnotationButton.m */,
				737CF81C1F044F550060567A /* EventsModel.swift */,
				737CF81E1F0452860060567A /* EventBright-Bridging-Header.h */,
				D722BC071F05D27300236424 /* CategoryTableViewCell.h */,
				D722BC081F05D27300236424 /* CategoryTableViewCell.m */,
				D75387571F043F2200C78AF9 /* FiltersViewController.h */,
				D75387581F043F2200C78AF9 /* FiltersViewController.m */,
				737271C01F0428DC00C04847 /* Main.storyboard */,
				737271C31F0428DC00C04847 /* Assets.xcassets */,
				737271C51F0428DC00C04847 /* LaunchScreen.storyboard */,
				737271C81F0428DC00C04847 /* Info.plist */,
				737271B71F0428DC00C04847 /* Supporting Files */,
			);
			path = EventBright;
			sourceTree = "<group>";
		};
		737271B71F0428DC00C04847 /* Supporting Files */ = {
			isa = PBXGroup;
			children = (
				737271B81F0428DC00C04847 /* main.m */,
			);
			name = "Supporting Files";
			sourceTree = "<group>";
		};
/* End PBXGroup section */

/* Begin PBXNativeTarget section */
		737271B31F0428DC00C04847 /* EventBright */ = {
			isa = PBXNativeTarget;
			buildConfigurationList = 737271CB1F0428DC00C04847 /* Build configuration list for PBXNativeTarget "EventBright" */;
			buildPhases = (
				737271B01F0428DC00C04847 /* Sources */,
				737271B11F0428DC00C04847 /* Frameworks */,
				737271B21F0428DC00C04847 /* Resources */,
			);
			buildRules = (
			);
			dependencies = (
			);
			name = EventBright;
			productName = EventBright;
			productReference = 737271B41F0428DC00C04847 /* EventBright.app */;
			productType = "com.apple.product-type.application";
		};
/* End PBXNativeTarget section */

/* Begin PBXProject section */
		737271AC1F0428DC00C04847 /* Project object */ = {
			isa = PBXProject;
			attributes = {
				LastUpgradeCheck = 0830;
				ORGANIZATIONNAME = "Kevin Cleathero";
				TargetAttributes = {
					737271B31F0428DC00C04847 = {
						CreatedOnToolsVersion = 8.3.3;
						DevelopmentTeam = WPLN8UTBRD;
						LastSwiftMigration = 0830;
						ProvisioningStyle = Automatic;
					};
				};
			};
			buildConfigurationList = 737271AF1F0428DC00C04847 /* Build configuration list for PBXProject "EventBright" */;
			compatibilityVersion = "Xcode 3.2";
			developmentRegion = English;
			hasScannedForEncodings = 0;
			knownRegions = (
				en,
				Base,
			);
			mainGroup = 737271AB1F0428DC00C04847;
			productRefGroup = 737271B51F0428DC00C04847 /* Products */;
			projectDirPath = "";
			projectRoot = "";
			targets = (
				737271B31F0428DC00C04847 /* EventBright */,
			);
		};
/* End PBXProject section */

/* Begin PBXResourcesBuildPhase section */
		737271B21F0428DC00C04847 /* Resources */ = {
			isa = PBXResourcesBuildPhase;
			buildActionMask = 2147483647;
			files = (
				737271C71F0428DC00C04847 /* LaunchScreen.storyboard in Resources */,
				737271C41F0428DC00C04847 /* Assets.xcassets in Resources */,
				737271C21F0428DC00C04847 /* Main.storyboard in Resources */,
			);
			runOnlyForDeploymentPostprocessing = 0;
		};
/* End PBXResourcesBuildPhase section */

/* Begin PBXSourcesBuildPhase section */
		737271B01F0428DC00C04847 /* Sources */ = {
			isa = PBXSourcesBuildPhase;
			buildActionMask = 2147483647;
			files = (
				737271BF1F0428DC00C04847 /* ViewController.m in Sources */,
				737271BC1F0428DC00C04847 /* AppDelegate.m in Sources */,
				737271B91F0428DC00C04847 /* main.m in Sources */,
				D722BC091F05D27300236424 /* CategoryTableViewCell.m in Sources */,
				737CF8211F05EF110060567A /* AnnotationButton.m in Sources */,
				D75387591F043F2200C78AF9 /* FiltersViewController.m in Sources */,
				737CF81D1F044F550060567A /* EventsModel.swift in Sources */,
				737271D91F044ACC00C04847 /* NSURLSessionHelper.m in Sources */,
				D75387561F043B4E00C78AF9 /* MapViewController.m in Sources */,
			);
			runOnlyForDeploymentPostprocessing = 0;
		};
/* End PBXSourcesBuildPhase section */

/* Begin PBXVariantGroup section */
		737271C01F0428DC00C04847 /* Main.storyboard */ = {
			isa = PBXVariantGroup;
			children = (
				737271C11F0428DC00C04847 /* Base */,
			);
			name = Main.storyboard;
			sourceTree = "<group>";
		};
		737271C51F0428DC00C04847 /* LaunchScreen.storyboard */ = {
			isa = PBXVariantGroup;
			children = (
				737271C61F0428DC00C04847 /* Base */,
			);
			name = LaunchScreen.storyboard;
			sourceTree = "<group>";
		};
/* End PBXVariantGroup section */

/* Begin XCBuildConfiguration section */
		737271C91F0428DC00C04847 /* Debug */ = {
			isa = XCBuildConfiguration;
			buildSettings = {
				ALWAYS_SEARCH_USER_PATHS = NO;
				CLANG_ANALYZER_NONNULL = YES;
				CLANG_ANALYZER_NUMBER_OBJECT_CONVERSION = YES_AGGRESSIVE;
				CLANG_CXX_LANGUAGE_STANDARD = "gnu++0x";
				CLANG_CXX_LIBRARY = "libc++";
				CLANG_ENABLE_MODULES = YES;
				CLANG_ENABLE_OBJC_ARC = YES;
				CLANG_WARN_BOOL_CONVERSION = YES;
				CLANG_WARN_CONSTANT_CONVERSION = YES;
				CLANG_WARN_DIRECT_OBJC_ISA_USAGE = YES_ERROR;
				CLANG_WARN_DOCUMENTATION_COMMENTS = YES;
				CLANG_WARN_EMPTY_BODY = YES;
				CLANG_WARN_ENUM_CONVERSION = YES;
				CLANG_WARN_INFINITE_RECURSION = YES;
				CLANG_WARN_INT_CONVERSION = YES;
				CLANG_WARN_OBJC_ROOT_CLASS = YES_ERROR;
				CLANG_WARN_SUSPICIOUS_MOVE = YES;
				CLANG_WARN_UNREACHABLE_CODE = YES;
				CLANG_WARN__DUPLICATE_METHOD_MATCH = YES;
				"CODE_SIGN_IDENTITY[sdk=iphoneos*]" = "iPhone Developer";
				COPY_PHASE_STRIP = NO;
				DEBUG_INFORMATION_FORMAT = dwarf;
				ENABLE_STRICT_OBJC_MSGSEND = YES;
				ENABLE_TESTABILITY = YES;
				GCC_C_LANGUAGE_STANDARD = gnu99;
				GCC_DYNAMIC_NO_PIC = NO;
				GCC_NO_COMMON_BLOCKS = YES;
				GCC_OPTIMIZATION_LEVEL = 0;
				GCC_PREPROCESSOR_DEFINITIONS = (
					"DEBUG=1",
					"$(inherited)",
				);
				GCC_WARN_64_TO_32_BIT_CONVERSION = YES;
				GCC_WARN_ABOUT_RETURN_TYPE = YES_ERROR;
				GCC_WARN_UNDECLARED_SELECTOR = YES;
				GCC_WARN_UNINITIALIZED_AUTOS = YES_AGGRESSIVE;
				GCC_WARN_UNUSED_FUNCTION = YES;
				GCC_WARN_UNUSED_VARIABLE = YES;
				IPHONEOS_DEPLOYMENT_TARGET = 10.3;
				MTL_ENABLE_DEBUG_INFO = YES;
				ONLY_ACTIVE_ARCH = YES;
				SDKROOT = iphoneos;
			};
			name = Debug;
		};
		737271CA1F0428DC00C04847 /* Release */ = {
			isa = XCBuildConfiguration;
			buildSettings = {
				ALWAYS_SEARCH_USER_PATHS = NO;
				CLANG_ANALYZER_NONNULL = YES;
				CLANG_ANALYZER_NUMBER_OBJECT_CONVERSION = YES_AGGRESSIVE;
				CLANG_CXX_LANGUAGE_STANDARD = "gnu++0x";
				CLANG_CXX_LIBRARY = "libc++";
				CLANG_ENABLE_MODULES = YES;
				CLANG_ENABLE_OBJC_ARC = YES;
				CLANG_WARN_BOOL_CONVERSION = YES;
				CLANG_WARN_CONSTANT_CONVERSION = YES;
				CLANG_WARN_DIRECT_OBJC_ISA_USAGE = YES_ERROR;
				CLANG_WARN_DOCUMENTATION_COMMENTS = YES;
				CLANG_WARN_EMPTY_BODY = YES;
				CLANG_WARN_ENUM_CONVERSION = YES;
				CLANG_WARN_INFINITE_RECURSION = YES;
				CLANG_WARN_INT_CONVERSION = YES;
				CLANG_WARN_OBJC_ROOT_CLASS = YES_ERROR;
				CLANG_WARN_SUSPICIOUS_MOVE = YES;
				CLANG_WARN_UNREACHABLE_CODE = YES;
				CLANG_WARN__DUPLICATE_METHOD_MATCH = YES;
				"CODE_SIGN_IDENTITY[sdk=iphoneos*]" = "iPhone Developer";
				COPY_PHASE_STRIP = NO;
				DEBUG_INFORMATION_FORMAT = "dwarf-with-dsym";
				ENABLE_NS_ASSERTIONS = NO;
				ENABLE_STRICT_OBJC_MSGSEND = YES;
				GCC_C_LANGUAGE_STANDARD = gnu99;
				GCC_NO_COMMON_BLOCKS = YES;
				GCC_WARN_64_TO_32_BIT_CONVERSION = YES;
				GCC_WARN_ABOUT_RETURN_TYPE = YES_ERROR;
				GCC_WARN_UNDECLARED_SELECTOR = YES;
				GCC_WARN_UNINITIALIZED_AUTOS = YES_AGGRESSIVE;
				GCC_WARN_UNUSED_FUNCTION = YES;
				GCC_WARN_UNUSED_VARIABLE = YES;
				IPHONEOS_DEPLOYMENT_TARGET = 10.3;
				MTL_ENABLE_DEBUG_INFO = NO;
				SDKROOT = iphoneos;
				VALIDATE_PRODUCT = YES;
			};
			name = Release;
		};
		737271CC1F0428DC00C04847 /* Debug */ = {
			isa = XCBuildConfiguration;
			buildSettings = {
				ASSETCATALOG_COMPILER_APPICON_NAME = AppIcon;
				CLANG_ENABLE_MODULES = YES;
				DEVELOPMENT_TEAM = WPLN8UTBRD;
				INFOPLIST_FILE = EventBright/Info.plist;
				IPHONEOS_DEPLOYMENT_TARGET = 10.1;
				LD_RUNPATH_SEARCH_PATHS = "$(inherited) @executable_path/Frameworks";
				PRODUCT_BUNDLE_IDENTIFIER = ignore.EventBright;
				PRODUCT_NAME = "$(TARGET_NAME)";
				SWIFT_OBJC_BRIDGING_HEADER = "EventBright/EventBright-Bridging-Header.h";
				SWIFT_OPTIMIZATION_LEVEL = "-Onone";
				SWIFT_VERSION = 3.0;
			};
			name = Debug;
		};
		737271CD1F0428DC00C04847 /* Release */ = {
			isa = XCBuildConfiguration;
			buildSettings = {
				ASSETCATALOG_COMPILER_APPICON_NAME = AppIcon;
				CLANG_ENABLE_MODULES = YES;
				DEVELOPMENT_TEAM = WPLN8UTBRD;
				INFOPLIST_FILE = EventBright/Info.plist;
				IPHONEOS_DEPLOYMENT_TARGET = 10.1;
				LD_RUNPATH_SEARCH_PATHS = "$(inherited) @executable_path/Frameworks";
				PRODUCT_BUNDLE_IDENTIFIER = ignore.EventBright;
				PRODUCT_NAME = "$(TARGET_NAME)";
				SWIFT_OBJC_BRIDGING_HEADER = "EventBright/EventBright-Bridging-Header.h";
				SWIFT_VERSION = 3.0;
			};
			name = Release;
		};
/* End XCBuildConfiguration section */

/* Begin XCConfigurationList section */
		737271AF1F0428DC00C04847 /* Build configuration list for PBXProject "EventBright" */ = {
			isa = XCConfigurationList;
			buildConfigurations = (
				737271C91F0428DC00C04847 /* Debug */,
				737271CA1F0428DC00C04847 /* Release */,
			);
			defaultConfigurationIsVisible = 0;
			defaultConfigurationName = Release;
		};
		737271CB1F0428DC00C04847 /* Build configuration list for PBXNativeTarget "EventBright" */ = {
			isa = XCConfigurationList;
			buildConfigurations = (
				737271CC1F0428DC00C04847 /* Debug */,
				737271CD1F0428DC00C04847 /* Release */,
			);
			defaultConfigurationIsVisible = 0;
			defaultConfigurationName = Release;
		};
/* End XCConfigurationList section */
	};
	rootObject = 737271AC1F0428DC00C04847 /* Project object */;
}
